// !$*UTF8*$!
{
	archiveVersion = 1;
	classes = {
	};
	objectVersion = 50;
	objects = {

/* Begin PBXBuildFile section */
		EE63200A25128776006BEFBB /* AppDelegate.swift in Sources */ = {isa = PBXBuildFile; fileRef = EE63200925128776006BEFBB /* AppDelegate.swift */; };
		EE63200C25128776006BEFBB /* SceneDelegate.swift in Sources */ = {isa = PBXBuildFile; fileRef = EE63200B25128776006BEFBB /* SceneDelegate.swift */; };
		EE63200E25128776006BEFBB /* ViewController.swift in Sources */ = {isa = PBXBuildFile; fileRef = EE63200D25128776006BEFBB /* ViewController.swift */; };
		EE63201125128776006BEFBB /* Main.storyboard in Resources */ = {isa = PBXBuildFile; fileRef = EE63200F25128776006BEFBB /* Main.storyboard */; };
		EE6320132512878A006BEFBB /* Assets.xcassets in Resources */ = {isa = PBXBuildFile; fileRef = EE6320122512878A006BEFBB /* Assets.xcassets */; };
		EE6320162512878A006BEFBB /* LaunchScreen.storyboard in Resources */ = {isa = PBXBuildFile; fileRef = EE6320142512878A006BEFBB /* LaunchScreen.storyboard */; };
		EE63201E2512BD18006BEFBB /* Item.swift in Sources */ = {isa = PBXBuildFile; fileRef = EE63201D2512BD18006BEFBB /* Item.swift */; };
/* End PBXBuildFile section */

/* Begin PBXFileReference section */
		EE63200625128776006BEFBB /* FetchRewardsTest.app */ = {isa = PBXFileReference; explicitFileType = wrapper.application; includeInIndex = 0; path = FetchRewardsTest.app; sourceTree = BUILT_PRODUCTS_DIR; };
		EE63200925128776006BEFBB /* AppDelegate.swift */ = {isa = PBXFileReference; lastKnownFileType = sourcecode.swift; path = AppDelegate.swift; sourceTree = "<group>"; };
		EE63200B25128776006BEFBB /* SceneDelegate.swift */ = {isa = PBXFileReference; lastKnownFileType = sourcecode.swift; path = SceneDelegate.swift; sourceTree = "<group>"; };
		EE63200D25128776006BEFBB /* ViewController.swift */ = {isa = PBXFileReference; lastKnownFileType = sourcecode.swift; path = ViewController.swift; sourceTree = "<group>"; };
		EE63201025128776006BEFBB /* Base */ = {isa = PBXFileReference; lastKnownFileType = file.storyboard; name = Base; path = Base.lproj/Main.storyboard; sourceTree = "<group>"; };
		EE6320122512878A006BEFBB /* Assets.xcassets */ = {isa = PBXFileReference; lastKnownFileType = folder.assetcatalog; path = Assets.xcassets; sourceTree = "<group>"; };
		EE6320152512878A006BEFBB /* Base */ = {isa = PBXFileReference; lastKnownFileType = file.storyboard; name = Base; path = Base.lproj/LaunchScreen.storyboard; sourceTree = "<group>"; };
		EE6320172512878A006BEFBB /* Info.plist */ = {isa = PBXFileReference; lastKnownFileType = text.plist.xml; path = Info.plist; sourceTree = "<group>"; };
		EE63201D2512BD18006BEFBB /* Item.swift */ = {isa = PBXFileReference; lastKnownFileType = sourcecode.swift; path = Item.swift; sourceTree = "<group>"; };
/* End PBXFileReference section */

/* Begin PBXFrameworksBuildPhase section */
		EE63200325128776006BEFBB /* Frameworks */ = {
			isa = PBXFrameworksBuildPhase;
			buildActionMask = 2147483647;
			files = (
			);
			runOnlyForDeploymentPostprocessing = 0;
		};
/* End PBXFrameworksBuildPhase section */

/* Begin PBXGroup section */
		EE631FFD25128776006BEFBB = {
			isa = PBXGroup;
			children = (
				EE63200825128776006BEFBB /* FetchRewardsTest */,
				EE63200725128776006BEFBB /* Products */,
			);
			sourceTree = "<group>";
		};
		EE63200725128776006BEFBB /* Products */ = {
			isa = PBXGroup;
			children = (
				EE63200625128776006BEFBB /* FetchRewardsTest.app */,
			);
			name = Products;
			sourceTree = "<group>";
		};
		EE63200825128776006BEFBB /* FetchRewardsTest */ = {
			isa = PBXGroup;
			children = (
				EE63200925128776006BEFBB /* AppDelegate.swift */,
				EE63200B25128776006BEFBB /* SceneDelegate.swift */,
				EE63200D25128776006BEFBB /* ViewController.swift */,
				EE63200F25128776006BEFBB /* Main.storyboard */,
				EE6320122512878A006BEFBB /* Assets.xcassets */,
				EE6320142512878A006BEFBB /* LaunchScreen.storyboard */,
				EE6320172512878A006BEFBB /* Info.plist */,
				EE63201D2512BD18006BEFBB /* Item.swift */,
			);
			path = FetchRewardsTest;
			sourceTree = "<group>";
		};
/* End PBXGroup section */

/* Begin PBXNativeTarget section */
		EE63200525128776006BEFBB /* FetchRewardsTest */ = {
			isa = PBXNativeTarget;
			buildConfigurationList = EE63201A2512878A006BEFBB /* Build configuration list for PBXNativeTarget "FetchRewardsTest" */;
			buildPhases = (
				EE63200225128776006BEFBB /* Sources */,
				EE63200325128776006BEFBB /* Frameworks */,
				EE63200425128776006BEFBB /* Resources */,
			);
			buildRules = (
			);
			dependencies = (
			);
			name = FetchRewardsTest;
			productName = FetchRewardsTest;
			productReference = EE63200625128776006BEFBB /* FetchRewardsTest.app */;
			productType = "com.apple.product-type.application";
		};
/* End PBXNativeTarget section */

/* Begin PBXProject section */
		EE631FFE25128776006BEFBB /* Project object */ = {
			isa = PBXProject;
			attributes = {
				LastSwiftUpdateCheck = 1150;
				LastUpgradeCheck = 1150;
				ORGANIZATIONNAME = Saranya;
				TargetAttributes = {
					EE63200525128776006BEFBB = {
						CreatedOnToolsVersion = 11.5;
					};
				};
			};
			buildConfigurationList = EE63200125128776006BEFBB /* Build configuration list for PBXProject "FetchRewardsTest" */;
			compatibilityVersion = "Xcode 9.3";
			developmentRegion = en;
			hasScannedForEncodings = 0;
			knownRegions = (
				en,
				Base,
			);
			mainGroup = EE631FFD25128776006BEFBB;
			productRefGroup = EE63200725128776006BEFBB /* Products */;
			projectDirPath = "";
			projectRoot = "";
			targets = (
				EE63200525128776006BEFBB /* FetchRewardsTest */,
			);
		};
/* End PBXProject section */

/* Begin PBXResourcesBuildPhase section */
		EE63200425128776006BEFBB /* Resources */ = {
			isa = PBXResourcesBuildPhase;
			buildActionMask = 2147483647;
			files = (
				EE6320162512878A006BEFBB /* LaunchScreen.storyboard in Resources */,
				EE6320132512878A006BEFBB /* Assets.xcassets in Resources */,
				EE63201125128776006BEFBB /* Main.storyboard in Resources */,
			);
			runOnlyForDeploymentPostprocessing = 0;
		};
/* End PBXResourcesBuildPhase section */

/* Begin PBXSourcesBuildPhase section */
		EE63200225128776006BEFBB /* Sources */ = {
			isa = PBXSourcesBuildPhase;
			buildActionMask = 2147483647;
			files = (
				EE63201E2512BD18006BEFBB /* Item.swift in Sources */,
				EE63200E25128776006BEFBB /* ViewController.swift in Sources */,
				EE63200A25128776006BEFBB /* AppDelegate.swift in Sources */,
				EE63200C25128776006BEFBB /* SceneDelegate.swift in Sources */,
			);
			runOnlyForDeploymentPostprocessing = 0;
		};
/* End PBXSourcesBuildPhase section */

/* Begin PBXVariantGroup section */
		EE63200F25128776006BEFBB /* Main.storyboard */ = {
			isa = PBXVariantGroup;
			children = (
				EE63201025128776006BEFBB /* Base */,
			);
			name = Main.storyboard;
			sourceTree = "<group>";
		};
		EE6320142512878A006BEFBB /* LaunchScreen.storyboard */ = {
			isa = PBXVariantGroup;
			children = (
				EE6320152512878A006BEFBB /* Base */,
			);
			name = LaunchScreen.storyboard;
			sourceTree = "<group>";
		};
/* End PBXVariantGroup section */

/* Begin XCBuildConfiguration section */
		EE6320182512878A006BEFBB /* Debug */ = {
			isa = XCBuildConfiguration;
			buildSettings = {
				ALWAYS_SEARCH_USER_PATHS = NO;
				CLANG_ANALYZER_NONNULL = YES;
				CLANG_ANALYZER_NUMBER_OBJECT_CONVERSION = YES_AGGRESSIVE;
				CLANG_CXX_LANGUAGE_STANDARD = "gnu++14";
				CLANG_CXX_LIBRARY = "libc++";
				CLANG_ENABLE_MODULES = YES;
				CLANG_ENABLE_OBJC_ARC = YES;
				CLANG_ENABLE_OBJC_WEAK = YES;
				CLANG_WARN_BLOCK_CAPTURE_AUTORELEASING = YES;
				CLANG_WARN_BOOL_CONVERSION = YES;
				CLANG_WARN_COMMA = YES;
				CLANG_WARN_CONSTANT_CONVERSION = YES;
				CLANG_WARN_DEPRECATED_OBJC_IMPLEMENTATIONS = YES;
				CLANG_WARN_DIRECT_OBJC_ISA_USAGE = YES_ERROR;
				CLANG_WARN_DOCUMENTATION_COMMENTS = YES;
				CLANG_WARN_EMPTY_BODY = YES;
				CLANG_WARN_ENUM_CONVERSION = YES;
				CLANG_WARN_INFINITE_RECURSION = YES;
				CLANG_WARN_INT_CONVERSION = YES;
				CLANG_WARN_NON_LITERAL_NULL_CONVERSION = YES;
				CLANG_WARN_OBJC_IMPLICIT_RETAIN_SELF = YES;
				CLANG_WARN_OBJC_LITERAL_CONVERSION = YES;
				CLANG_WARN_OBJC_ROOT_CLASS = YES_ERROR;
				CLANG_WARN_RANGE_LOOP_ANALYSIS = YES;
				CLANG_WARN_STRICT_PROTOTYPES = YES;
				CLANG_WARN_SUSPICIOUS_MOVE = YES;
				CLANG_WARN_UNGUARDED_AVAILABILITY = YES_AGGRESSIVE;
				CLANG_WARN_UNREACHABLE_CODE = YES;
				CLANG_WARN__DUPLICATE_METHOD_MATCH = YES;
				COPY_PHASE_STRIP = NO;
				DEBUG_INFORMATION_FORMAT = dwarf;
				ENABLE_STRICT_OBJC_MSGSEND = YES;
				ENABLE_TESTABILITY = YES;
				GCC_C_LANGUAGE_STANDARD = gnu11;
				GCC_DYNAMIC_NO_PIC = NO;
				GCC_NO_COMMON_BLOCKS = YES;
				GCC_OPTIMIZATION_LEVEL = 0;
				GCC_PREPROCESSOR_DEFINITIONS = (
					"DEBUG=1",
					"$(inherited)",
				);
				GCC_WARN_64_TO_32_BIT_CONVERSION = YES;
				GCC_WARN_ABOUT_RETURN_TYPE = YES_ERROR;
				GCC_WARN_UNDECLARED_SELECTOR = YES;
				GCC_WARN_UNINITIALIZED_AUTOS = YES_AGGRESSIVE;
				GCC_WARN_UNUSED_FUNCTION = YES;
				GCC_WARN_UNUSED_VARIABLE = YES;
				IPHONEOS_DEPLOYMENT_TARGET = 13.5;
				MTL_ENABLE_DEBUG_INFO = INCLUDE_SOURCE;
				MTL_FAST_MATH = YES;
				ONLY_ACTIVE_ARCH = YES;
				SDKROOT = iphoneos;
				SWIFT_ACTIVE_COMPILATION_CONDITIONS = DEBUG;
				SWIFT_OPTIMIZATION_LEVEL = "-Onone";
			};
			name = Debug;
		};
		EE6320192512878A006BEFBB /* Release */ = {
			isa = XCBuildConfiguration;
			buildSettings = {
				ALWAYS_SEARCH_USER_PATHS = NO;
				CLANG_ANALYZER_NONNULL = YES;
				CLANG_ANALYZER_NUMBER_OBJECT_CONVERSION = YES_AGGRESSIVE;
				CLANG_CXX_LANGUAGE_STANDARD = "gnu++14";
				CLANG_CXX_LIBRARY = "libc++";
				CLANG_ENABLE_MODULES = YES;
				CLANG_ENABLE_OBJC_ARC = YES;
				CLANG_ENABLE_OBJC_WEAK = YES;
				CLANG_WARN_BLOCK_CAPTURE_AUTORELEASING = YES;
				CLANG_WARN_BOOL_CONVERSION = YES;
				CLANG_WARN_COMMA = YES;
				CLANG_WARN_CONSTANT_CONVERSION = YES;
				CLANG_WARN_DEPRECATED_OBJC_IMPLEMENTATIONS = YES;
				CLANG_WARN_DIRECT_OBJC_ISA_USAGE = YES_ERROR;
				CLANG_WARN_DOCUMENTATION_COMMENTS = YES;
				CLANG_WARN_EMPTY_BODY = YES;
				CLANG_WARN_ENUM_CONVERSION = YES;
				CLANG_WARN_INFINITE_RECURSION = YES;
				CLANG_WARN_INT_CONVERSION = YES;
				CLANG_WARN_NON_LITERAL_NULL_CONVERSION = YES;
				CLANG_WARN_OBJC_IMPLICIT_RETAIN_SELF = YES;
				CLANG_WARN_OBJC_LITERAL_CONVERSION = YES;
				CLANG_WARN_OBJC_ROOT_CLASS = YES_ERROR;
				CLANG_WARN_RANGE_LOOP_ANALYSIS = YES;
				CLANG_WARN_STRICT_PROTOTYPES = YES;
				CLANG_WARN_SUSPICIOUS_MOVE = YES;
				CLANG_WARN_UNGUARDED_AVAILABILITY = YES_AGGRESSIVE;
				CLANG_WARN_UNREACHABLE_CODE = YES;
				CLANG_WARN__DUPLICATE_METHOD_MATCH = YES;
				COPY_PHASE_STRIP = NO;
				DEBUG_INFORMATION_FORMAT = "dwarf-with-dsym";
				ENABLE_NS_ASSERTIONS = NO;
				ENABLE_STRICT_OBJC_MSGSEND = YES;
				GCC_C_LANGUAGE_STANDARD = gnu11;
				GCC_NO_COMMON_BLOCKS = YES;
				GCC_WARN_64_TO_32_BIT_CONVERSION = YES;
				GCC_WARN_ABOUT_RETURN_TYPE = YES_ERROR;
				GCC_WARN_UNDECLARED_SELECTOR = YES;
				GCC_WARN_UNINITIALIZED_AUTOS = YES_AGGRESSIVE;
				GCC_WARN_UNUSED_FUNCTION = YES;
				GCC_WARN_UNUSED_VARIABLE = YES;
				IPHONEOS_DEPLOYMENT_TARGET = 13.5;
				MTL_ENABLE_DEBUG_INFO = NO;
				MTL_FAST_MATH = YES;
				SDKROOT = iphoneos;
				SWIFT_COMPILATION_MODE = wholemodule;
				SWIFT_OPTIMIZATION_LEVEL = "-O";
				VALIDATE_PRODUCT = YES;
			};
			name = Release;
		};
		EE63201B2512878A006BEFBB /* Debug */ = {
			isa = XCBuildConfiguration;
			buildSettings = {
				ASSETCATALOG_COMPILER_APPICON_NAME = AppIcon;
				CODE_SIGN_STYLE = Automatic;
				DEVELOPMENT_TEAM = K26F4ND6Z9;
				INFOPLIST_FILE = FetchRewardsTest/Info.plist;
				LD_RUNPATH_SEARCH_PATHS = (
					"$(inherited)",
					"@executable_path/Frameworks",
				);
				PRODUCT_BUNDLE_IDENTIFIER = com.saranya.FetchRewardsTest;
				PRODUCT_NAME = "$(TARGET_NAME)";
				SWIFT_VERSION = 5.0;
				TARGETED_DEVICE_FAMILY = 1;
			};
			name = Debug;
		};
		EE63201C2512878A006BEFBB /* Release */ = {
			isa = XCBuildConfiguration;
			buildSettings = {
				ASSETCATALOG_COMPILER_APPICON_NAME = AppIcon;
				CODE_SIGN_STYLE = Automatic;
				DEVELOPMENT_TEAM = K26F4ND6Z9;
				INFOPLIST_FILE = FetchRewardsTest/Info.plist;
				LD_RUNPATH_SEARCH_PATHS = (
					"$(inherited)",
					"@executable_path/Frameworks",
				);
				PRODUCT_BUNDLE_IDENTIFIER = com.saranya.FetchRewardsTest;
				PRODUCT_NAME = "$(TARGET_NAME)";
				SWIFT_VERSION = 5.0;
				TARGETED_DEVICE_FAMILY = 1;
			};
			name = Release;
		};
/* End XCBuildConfiguration section */

/* Begin XCConfigurationList section */
		EE63200125128776006BEFBB /* Build configuration list for PBXProject "FetchRewardsTest" */ = {
			isa = XCConfigurationList;
			buildConfigurations = (
				EE6320182512878A006BEFBB /* Debug */,
				EE6320192512878A006BEFBB /* Release */,
			);
			defaultConfigurationIsVisible = 0;
			defaultConfigurationName = Release;
		};
		EE63201A2512878A006BEFBB /* Build configuration list for PBXNativeTarget "FetchRewardsTest" */ = {
			isa = XCConfigurationList;
			buildConfigurations = (
				EE63201B2512878A006BEFBB /* Debug */,
				EE63201C2512878A006BEFBB /* Release */,
			);
			defaultConfigurationIsVisible = 0;
			defaultConfigurationName = Release;
		};
/* End XCConfigurationList section */
	};
	rootObject = EE631FFE25128776006BEFBB /* Project object */;
}
